NeoBundleLock auto-pairs b647ef54cd2d991d5221b97fb5dbb3c0477fdc64
NeoBundleLock molokai db8ce13b3737d3ddea8368498183d7c204a762eb
NeoBundleLock neobundle.vim b17652e171cc439a6d7554b96daea76c502da3c9
NeoBundleLock neocomplete.vim 72bf34c349078ae0e4691f7e00dd2a7ab5714a69
NeoBundleLock neomru.vim b12f9a57ce83af86e585e1f23611f5a243d9fa60
NeoBundleLock nerdtree 96c07746b46c12d0aca7a5276cc5bd0a260b82fe
NeoBundleLock unite.vim 66196701d05e7b941607ca28b1dcc67ef7c5c133
NeoBundleLock vimproc c286dcbdfca9e0ee1a4cb90f09c3f03638112f5a
