NeoBundleLock auto-pairs b647ef54cd2d991d5221b97fb5dbb3c0477fdc64
NeoBundleLock molokai db8ce13b3737d3ddea8368498183d7c204a762eb
NeoBundleLock neobundle.vim 02bd438c42748980d21f6a01860f383e9cc62335
NeoBundleLock neocomplete.vim 890d68ad85f30dbe449a9e58a8646b1f6d7a7f6e
NeoBundleLock neomru.vim 6e1b7326a56663532f8353ad65a4b2c5bd286744
NeoBundleLock nerdtree af85499edace2acca27ce41790ac333f62b689bb
NeoBundleLock unite.vim 66196701d05e7b941607ca28b1dcc67ef7c5c133
NeoBundleLock vimproc c286dcbdfca9e0ee1a4cb90f09c3f03638112f5a
