NeoBundleLock auto-pairs 73908591025b7064ddd9336da6d84841e6dfd148
NeoBundleLock molokai db8ce13b3737d3ddea8368498183d7c204a762eb
NeoBundleLock neobundle.vim f5ace1d749382ab5e5a22670d57c61303a927b72
NeoBundleLock neocomplete.vim 1ef1c33cfdcae43d8b3c6381c4f54f0e93a17287
NeoBundleLock neomru.vim 24f9185ca019f3b8f4896929c6bf5148f982f344
NeoBundleLock nerdtree 3b98a7fcae8f9fff356907171f0406ff8cd28921
NeoBundleLock unite.vim a3cdb76386701b54ed8cf80595488038397e3de9
NeoBundleLock vimproc 0f68bcd93399ecbcde3eaa4efd09107314c9bdee
